PODS:
  - Alamofire (3.1.5)
  - AlamofireObjectMapper (2.1.0):
    - Alamofire (~> 3.1.0)
    - ObjectMapper (~> 1.0)
  - Kingfisher (2.0.1)
  - ObjectMapper (1.1.1)
  - PullToRefresher (1.3.1)
  - SnapKit (0.19.1)

DEPENDENCIES:
  - Alamofire
  - AlamofireObjectMapper
  - Kingfisher
  - PullToRefresher
  - SnapKit

SPEC CHECKSUMS:
  Alamofire: 5f730ba29fd113b7ddd71c1e65d0c630acf5d7b0
  AlamofireObjectMapper: 24097576202064f8b0a583452dd934064f78dc0e
  Kingfisher: 3af2020040453f710507819e6aa5f5721da03d9b
  ObjectMapper: 4143abed1dbd49b73d75092fe8fa1c88ed6434b7
  PullToRefresher: e17cc032b48148824a77fbf4bce5beb81933071a
  SnapKit: eff58d6e3451bf2f482db2eccf86aecf371dc62d

PODFILE CHECKSUM: 170977daacfb1ae7974f2cc624f8083369573b5f

COCOAPODS: 1.0.0.beta.8
