// !$*UTF8*$!
{
	archiveVersion = 1;
	classes = {
	};
	objectVersion = 46;
	objects = {

/* Begin PBXBuildFile section */
		342C66BE9557DDC101E2582F /* Pods_NewsDomo_Swift.framework in Frameworks */ = {isa = PBXBuildFile; fileRef = 3A2BC265FC6DA218A3F90549 /* Pods_NewsDomo_Swift.framework */; };
		C939EBFA1CC66F930099E20C /* ScrollImageView.swift in Sources */ = {isa = PBXBuildFile; fileRef = C939EBF91CC66F930099E20C /* ScrollImageView.swift */; };
		C94247841CBD42E4008321F7 /* SnapTableViewCell.swift in Sources */ = {isa = PBXBuildFile; fileRef = C94247831CBD42E4008321F7 /* SnapTableViewCell.swift */; };
		C99AF6BE1CB6A6AF008DC7BA /* AppDelegate.swift in Sources */ = {isa = PBXBuildFile; fileRef = C99AF6BD1CB6A6AF008DC7BA /* AppDelegate.swift */; };
		C99AF6C01CB6A6AF008DC7BA /* ViewController.swift in Sources */ = {isa = PBXBuildFile; fileRef = C99AF6BF1CB6A6AF008DC7BA /* ViewController.swift */; };
		C99AF6C31CB6A6AF008DC7BA /* Main.storyboard in Resources */ = {isa = PBXBuildFile; fileRef = C99AF6C11CB6A6AF008DC7BA /* Main.storyboard */; };
		C99AF6C51CB6A6AF008DC7BA /* Assets.xcassets in Resources */ = {isa = PBXBuildFile; fileRef = C99AF6C41CB6A6AF008DC7BA /* Assets.xcassets */; };
		C99AF6C81CB6A6AF008DC7BA /* LaunchScreen.storyboard in Resources */ = {isa = PBXBuildFile; fileRef = C99AF6C61CB6A6AF008DC7BA /* LaunchScreen.storyboard */; };
		C99AF6D31CB6A6AF008DC7BA /* NewsDomo_SwiftTests.swift in Sources */ = {isa = PBXBuildFile; fileRef = C99AF6D21CB6A6AF008DC7BA /* NewsDomo_SwiftTests.swift */; };
		C99AF6DE1CB6A6AF008DC7BA /* NewsDomo_SwiftUITests.swift in Sources */ = {isa = PBXBuildFile; fileRef = C99AF6DD1CB6A6AF008DC7BA /* NewsDomo_SwiftUITests.swift */; };
		C9BF0E441CCBB0D00008955E /* TitleSegment.swift in Sources */ = {isa = PBXBuildFile; fileRef = C9BF0E431CCBB0D00008955E /* TitleSegment.swift */; };
		C9E665941CBE9185002EF3AB /* ImageTableViewCell.swift in Sources */ = {isa = PBXBuildFile; fileRef = C9E665931CBE9185002EF3AB /* ImageTableViewCell.swift */; };
		C9E665961CBE919A002EF3AB /* SmallImageTableViewCell.swift in Sources */ = {isa = PBXBuildFile; fileRef = C9E665951CBE919A002EF3AB /* SmallImageTableViewCell.swift */; };
/* End PBXBuildFile section */

/* Begin PBXContainerItemProxy section */
		C99AF6CF1CB6A6AF008DC7BA /* PBXContainerItemProxy */ = {
			isa = PBXContainerItemProxy;
			containerPortal = C99AF6B21CB6A6AF008DC7BA /* Project object */;
			proxyType = 1;
			remoteGlobalIDString = C99AF6B91CB6A6AF008DC7BA;
			remoteInfo = "NewsDomo-Swift";
		};
		C99AF6DA1CB6A6AF008DC7BA /* PBXContainerItemProxy */ = {
			isa = PBXContainerItemProxy;
			containerPortal = C99AF6B21CB6A6AF008DC7BA /* Project object */;
			proxyType = 1;
			remoteGlobalIDString = C99AF6B91CB6A6AF008DC7BA;
			remoteInfo = "NewsDomo-Swift";
		};
/* End PBXContainerItemProxy section */

/* Begin PBXFileReference section */
		3A2BC265FC6DA218A3F90549 /* Pods_NewsDomo_Swift.framework */ = {isa = PBXFileReference; explicitFileType = wrapper.framework; includeInIndex = 0; path = Pods_NewsDomo_Swift.framework; sourceTree = BUILT_PRODUCTS_DIR; };
		548EF5D7FDEE1190D0A54E6C /* Pods.framework */ = {isa = PBXFileReference; explicitFileType = wrapper.framework; includeInIndex = 0; path = Pods.framework; sourceTree = BUILT_PRODUCTS_DIR; };
		57C2AFF678C3BB1650B504C7 /* Pods-NewsDomo-Swift.release.xcconfig */ = {isa = PBXFileReference; includeInIndex = 1; lastKnownFileType = text.xcconfig; name = "Pods-NewsDomo-Swift.release.xcconfig"; path = "Pods/Target Support Files/Pods-NewsDomo-Swift/Pods-NewsDomo-Swift.release.xcconfig"; sourceTree = "<group>"; };
		8EFB8D6C0BE77EEF2254362F /* Pods-NewsDomo-Swift.debug.xcconfig */ = {isa = PBXFileReference; includeInIndex = 1; lastKnownFileType = text.xcconfig; name = "Pods-NewsDomo-Swift.debug.xcconfig"; path = "Pods/Target Support Files/Pods-NewsDomo-Swift/Pods-NewsDomo-Swift.debug.xcconfig"; sourceTree = "<group>"; };
		C939EBF91CC66F930099E20C /* ScrollImageView.swift */ = {isa = PBXFileReference; fileEncoding = 4; lastKnownFileType = sourcecode.swift; path = ScrollImageView.swift; sourceTree = "<group>"; };
		C94247831CBD42E4008321F7 /* SnapTableViewCell.swift */ = {isa = PBXFileReference; fileEncoding = 4; lastKnownFileType = sourcecode.swift; path = SnapTableViewCell.swift; sourceTree = "<group>"; };
		C99AF6BA1CB6A6AF008DC7BA /* NewsDomo-Swift.app */ = {isa = PBXFileReference; explicitFileType = wrapper.application; includeInIndex = 0; path = "NewsDomo-Swift.app"; sourceTree = BUILT_PRODUCTS_DIR; };
		C99AF6BD1CB6A6AF008DC7BA /* AppDelegate.swift */ = {isa = PBXFileReference; lastKnownFileType = sourcecode.swift; path = AppDelegate.swift; sourceTree = "<group>"; };
		C99AF6BF1CB6A6AF008DC7BA /* ViewController.swift */ = {isa = PBXFileReference; lastKnownFileType = sourcecode.swift; path = ViewController.swift; sourceTree = "<group>"; };
		C99AF6C21CB6A6AF008DC7BA /* Base */ = {isa = PBXFileReference; lastKnownFileType = file.storyboard; name = Base; path = Base.lproj/Main.storyboard; sourceTree = "<group>"; };
		C99AF6C41CB6A6AF008DC7BA /* Assets.xcassets */ = {isa = PBXFileReference; lastKnownFileType = folder.assetcatalog; path = Assets.xcassets; sourceTree = "<group>"; };
		C99AF6C71CB6A6AF008DC7BA /* Base */ = {isa = PBXFileReference; lastKnownFileType = file.storyboard; name = Base; path = Base.lproj/LaunchScreen.storyboard; sourceTree = "<group>"; };
		C99AF6C91CB6A6AF008DC7BA /* Info.plist */ = {isa = PBXFileReference; lastKnownFileType = text.plist.xml; path = Info.plist; sourceTree = "<group>"; };
		C99AF6CE1CB6A6AF008DC7BA /* NewsDomo-SwiftTests.xctest */ = {isa = PBXFileReference; explicitFileType = wrapper.cfbundle; includeInIndex = 0; path = "NewsDomo-SwiftTests.xctest"; sourceTree = BUILT_PRODUCTS_DIR; };
		C99AF6D21CB6A6AF008DC7BA /* NewsDomo_SwiftTests.swift */ = {isa = PBXFileReference; lastKnownFileType = sourcecode.swift; path = NewsDomo_SwiftTests.swift; sourceTree = "<group>"; };
		C99AF6D41CB6A6AF008DC7BA /* Info.plist */ = {isa = PBXFileReference; lastKnownFileType = text.plist.xml; path = Info.plist; sourceTree = "<group>"; };
		C99AF6D91CB6A6AF008DC7BA /* NewsDomo-SwiftUITests.xctest */ = {isa = PBXFileReference; explicitFileType = wrapper.cfbundle; includeInIndex = 0; path = "NewsDomo-SwiftUITests.xctest"; sourceTree = BUILT_PRODUCTS_DIR; };
		C99AF6DD1CB6A6AF008DC7BA /* NewsDomo_SwiftUITests.swift */ = {isa = PBXFileReference; lastKnownFileType = sourcecode.swift; path = NewsDomo_SwiftUITests.swift; sourceTree = "<group>"; };
		C99AF6DF1CB6A6AF008DC7BA /* Info.plist */ = {isa = PBXFileReference; lastKnownFileType = text.plist.xml; path = Info.plist; sourceTree = "<group>"; };
		C9BF0E431CCBB0D00008955E /* TitleSegment.swift */ = {isa = PBXFileReference; fileEncoding = 4; lastKnownFileType = sourcecode.swift; path = TitleSegment.swift; sourceTree = "<group>"; };
		C9E665931CBE9185002EF3AB /* ImageTableViewCell.swift */ = {isa = PBXFileReference; fileEncoding = 4; lastKnownFileType = sourcecode.swift; path = ImageTableViewCell.swift; sourceTree = "<group>"; };
		C9E665951CBE919A002EF3AB /* SmallImageTableViewCell.swift */ = {isa = PBXFileReference; fileEncoding = 4; lastKnownFileType = sourcecode.swift; path = SmallImageTableViewCell.swift; sourceTree = "<group>"; };
/* End PBXFileReference section */

/* Begin PBXFrameworksBuildPhase section */
		C99AF6B71CB6A6AF008DC7BA /* Frameworks */ = {
			isa = PBXFrameworksBuildPhase;
			buildActionMask = 2147483647;
			files = (
				342C66BE9557DDC101E2582F /* Pods_NewsDomo_Swift.framework in Frameworks */,
			);
			runOnlyForDeploymentPostprocessing = 0;
		};
		C99AF6CB1CB6A6AF008DC7BA /* Frameworks */ = {
			isa = PBXFrameworksBuildPhase;
			buildActionMask = 2147483647;
			files = (
			);
			runOnlyForDeploymentPostprocessing = 0;
		};
		C99AF6D61CB6A6AF008DC7BA /* Frameworks */ = {
			isa = PBXFrameworksBuildPhase;
			buildActionMask = 2147483647;
			files = (
			);
			runOnlyForDeploymentPostprocessing = 0;
		};
/* End PBXFrameworksBuildPhase section */

/* Begin PBXGroup section */
		97807BA55073C6FC2B246C7A /* Frameworks */ = {
			isa = PBXGroup;
			children = (
				548EF5D7FDEE1190D0A54E6C /* Pods.framework */,
				3A2BC265FC6DA218A3F90549 /* Pods_NewsDomo_Swift.framework */,
			);
			name = Frameworks;
			sourceTree = "<group>";
		};
		C99AF6B11CB6A6AF008DC7BA = {
			isa = PBXGroup;
			children = (
				C99AF6BC1CB6A6AF008DC7BA /* NewsDomo-Swift */,
				C99AF6D11CB6A6AF008DC7BA /* NewsDomo-SwiftTests */,
				C99AF6DC1CB6A6AF008DC7BA /* NewsDomo-SwiftUITests */,
				C99AF6BB1CB6A6AF008DC7BA /* Products */,
				97807BA55073C6FC2B246C7A /* Frameworks */,
				F59E39C72C00CE51F18A65CC /* Pods */,
			);
			sourceTree = "<group>";
		};
		C99AF6BB1CB6A6AF008DC7BA /* Products */ = {
			isa = PBXGroup;
			children = (
				C99AF6BA1CB6A6AF008DC7BA /* NewsDomo-Swift.app */,
				C99AF6CE1CB6A6AF008DC7BA /* NewsDomo-SwiftTests.xctest */,
				C99AF6D91CB6A6AF008DC7BA /* NewsDomo-SwiftUITests.xctest */,
			);
			name = Products;
			sourceTree = "<group>";
		};
		C99AF6BC1CB6A6AF008DC7BA /* NewsDomo-Swift */ = {
			isa = PBXGroup;
			children = (
				C99AF6BD1CB6A6AF008DC7BA /* AppDelegate.swift */,
				C99AF6BF1CB6A6AF008DC7BA /* ViewController.swift */,
				C99AF6C11CB6A6AF008DC7BA /* Main.storyboard */,
				C99AF6C41CB6A6AF008DC7BA /* Assets.xcassets */,
				C99AF6C61CB6A6AF008DC7BA /* LaunchScreen.storyboard */,
				C99AF6C91CB6A6AF008DC7BA /* Info.plist */,
				C94247831CBD42E4008321F7 /* SnapTableViewCell.swift */,
				C9E665931CBE9185002EF3AB /* ImageTableViewCell.swift */,
				C9E665951CBE919A002EF3AB /* SmallImageTableViewCell.swift */,
				C939EBF91CC66F930099E20C /* ScrollImageView.swift */,
				C9BF0E431CCBB0D00008955E /* TitleSegment.swift */,
			);
			path = "NewsDomo-Swift";
			sourceTree = "<group>";
		};
		C99AF6D11CB6A6AF008DC7BA /* NewsDomo-SwiftTests */ = {
			isa = PBXGroup;
			children = (
				C99AF6D21CB6A6AF008DC7BA /* NewsDomo_SwiftTests.swift */,
				C99AF6D41CB6A6AF008DC7BA /* Info.plist */,
			);
			path = "NewsDomo-SwiftTests";
			sourceTree = "<group>";
		};
		C99AF6DC1CB6A6AF008DC7BA /* NewsDomo-SwiftUITests */ = {
			isa = PBXGroup;
			children = (
				C99AF6DD1CB6A6AF008DC7BA /* NewsDomo_SwiftUITests.swift */,
				C99AF6DF1CB6A6AF008DC7BA /* Info.plist */,
			);
			path = "NewsDomo-SwiftUITests";
			sourceTree = "<group>";
		};
		F59E39C72C00CE51F18A65CC /* Pods */ = {
			isa = PBXGroup;
			children = (
				8EFB8D6C0BE77EEF2254362F /* Pods-NewsDomo-Swift.debug.xcconfig */,
				57C2AFF678C3BB1650B504C7 /* Pods-NewsDomo-Swift.release.xcconfig */,
			);
			name = Pods;
			sourceTree = "<group>";
		};
/* End PBXGroup section */

/* Begin PBXNativeTarget section */
		C99AF6B91CB6A6AF008DC7BA /* NewsDomo-Swift */ = {
			isa = PBXNativeTarget;
			buildConfigurationList = C99AF6E21CB6A6AF008DC7BA /* Build configuration list for PBXNativeTarget "NewsDomo-Swift" */;
			buildPhases = (
				A7B4AB03B35D3AE0F950EA1D /* 📦 Check Pods Manifest.lock */,
				C99AF6B61CB6A6AF008DC7BA /* Sources */,
				C99AF6B71CB6A6AF008DC7BA /* Frameworks */,
				C99AF6B81CB6A6AF008DC7BA /* Resources */,
				6A8BF6C462C96965B6A367A0 /* 📦 Embed Pods Frameworks */,
				0F30A9504FB3CBA4AE4392EB /* 📦 Copy Pods Resources */,
			);
			buildRules = (
			);
			dependencies = (
			);
			name = "NewsDomo-Swift";
			productName = "NewsDomo-Swift";
			productReference = C99AF6BA1CB6A6AF008DC7BA /* NewsDomo-Swift.app */;
			productType = "com.apple.product-type.application";
		};
		C99AF6CD1CB6A6AF008DC7BA /* NewsDomo-SwiftTests */ = {
			isa = PBXNativeTarget;
			buildConfigurationList = C99AF6E51CB6A6AF008DC7BA /* Build configuration list for PBXNativeTarget "NewsDomo-SwiftTests" */;
			buildPhases = (
				C99AF6CA1CB6A6AF008DC7BA /* Sources */,
				C99AF6CB1CB6A6AF008DC7BA /* Frameworks */,
				C99AF6CC1CB6A6AF008DC7BA /* Resources */,
			);
			buildRules = (
			);
			dependencies = (
				C99AF6D01CB6A6AF008DC7BA /* PBXTargetDependency */,
			);
			name = "NewsDomo-SwiftTests";
			productName = "NewsDomo-SwiftTests";
			productReference = C99AF6CE1CB6A6AF008DC7BA /* NewsDomo-SwiftTests.xctest */;
			productType = "com.apple.product-type.bundle.unit-test";
		};
		C99AF6D81CB6A6AF008DC7BA /* NewsDomo-SwiftUITests */ = {
			isa = PBXNativeTarget;
			buildConfigurationList = C99AF6E81CB6A6AF008DC7BA /* Build configuration list for PBXNativeTarget "NewsDomo-SwiftUITests" */;
			buildPhases = (
				C99AF6D51CB6A6AF008DC7BA /* Sources */,
				C99AF6D61CB6A6AF008DC7BA /* Frameworks */,
				C99AF6D71CB6A6AF008DC7BA /* Resources */,
			);
			buildRules = (
			);
			dependencies = (
				C99AF6DB1CB6A6AF008DC7BA /* PBXTargetDependency */,
			);
			name = "NewsDomo-SwiftUITests";
			productName = "NewsDomo-SwiftUITests";
			productReference = C99AF6D91CB6A6AF008DC7BA /* NewsDomo-SwiftUITests.xctest */;
			productType = "com.apple.product-type.bundle.ui-testing";
		};
/* End PBXNativeTarget section */

/* Begin PBXProject section */
		C99AF6B21CB6A6AF008DC7BA /* Project object */ = {
			isa = PBXProject;
			attributes = {
				LastSwiftUpdateCheck = 0730;
				LastUpgradeCheck = 0730;
				ORGANIZATIONNAME = Wingzki;
				TargetAttributes = {
					C99AF6B91CB6A6AF008DC7BA = {
						CreatedOnToolsVersion = 7.3;
					};
					C99AF6CD1CB6A6AF008DC7BA = {
						CreatedOnToolsVersion = 7.3;
						TestTargetID = C99AF6B91CB6A6AF008DC7BA;
					};
					C99AF6D81CB6A6AF008DC7BA = {
						CreatedOnToolsVersion = 7.3;
						TestTargetID = C99AF6B91CB6A6AF008DC7BA;
					};
				};
			};
			buildConfigurationList = C99AF6B51CB6A6AF008DC7BA /* Build configuration list for PBXProject "NewsDomo-Swift" */;
			compatibilityVersion = "Xcode 3.2";
			developmentRegion = English;
			hasScannedForEncodings = 0;
			knownRegions = (
				en,
				Base,
			);
			mainGroup = C99AF6B11CB6A6AF008DC7BA;
			productRefGroup = C99AF6BB1CB6A6AF008DC7BA /* Products */;
			projectDirPath = "";
			projectRoot = "";
			targets = (
				C99AF6B91CB6A6AF008DC7BA /* NewsDomo-Swift */,
				C99AF6CD1CB6A6AF008DC7BA /* NewsDomo-SwiftTests */,
				C99AF6D81CB6A6AF008DC7BA /* NewsDomo-SwiftUITests */,
			);
		};
/* End PBXProject section */

/* Begin PBXResourcesBuildPhase section */
		C99AF6B81CB6A6AF008DC7BA /* Resources */ = {
			isa = PBXResourcesBuildPhase;
			buildActionMask = 2147483647;
			files = (
				C99AF6C81CB6A6AF008DC7BA /* LaunchScreen.storyboard in Resources */,
				C99AF6C51CB6A6AF008DC7BA /* Assets.xcassets in Resources */,
				C99AF6C31CB6A6AF008DC7BA /* Main.storyboard in Resources */,
			);
			runOnlyForDeploymentPostprocessing = 0;
		};
		C99AF6CC1CB6A6AF008DC7BA /* Resources */ = {
			isa = PBXResourcesBuildPhase;
			buildActionMask = 2147483647;
			files = (
			);
			runOnlyForDeploymentPostprocessing = 0;
		};
		C99AF6D71CB6A6AF008DC7BA /* Resources */ = {
			isa = PBXResourcesBuildPhase;
			buildActionMask = 2147483647;
			files = (
			);
			runOnlyForDeploymentPostprocessing = 0;
		};
/* End PBXResourcesBuildPhase section */

/* Begin PBXShellScriptBuildPhase section */
		0F30A9504FB3CBA4AE4392EB /* 📦 Copy Pods Resources */ = {
			isa = PBXShellScriptBuildPhase;
			buildActionMask = 2147483647;
			files = (
			);
			inputPaths = (
			);
			name = "📦 Copy Pods Resources";
			outputPaths = (
			);
			runOnlyForDeploymentPostprocessing = 0;
			shellPath = /bin/sh;
			shellScript = "\"${SRCROOT}/Pods/Target Support Files/Pods-NewsDomo-Swift/Pods-NewsDomo-Swift-resources.sh\"\n";
			showEnvVarsInLog = 0;
		};
		6A8BF6C462C96965B6A367A0 /* 📦 Embed Pods Frameworks */ = {
			isa = PBXShellScriptBuildPhase;
			buildActionMask = 2147483647;
			files = (
			);
			inputPaths = (
			);
			name = "📦 Embed Pods Frameworks";
			outputPaths = (
			);
			runOnlyForDeploymentPostprocessing = 0;
			shellPath = /bin/sh;
			shellScript = "\"${SRCROOT}/Pods/Target Support Files/Pods-NewsDomo-Swift/Pods-NewsDomo-Swift-frameworks.sh\"\n";
			showEnvVarsInLog = 0;
		};
		A7B4AB03B35D3AE0F950EA1D /* 📦 Check Pods Manifest.lock */ = {
			isa = PBXShellScriptBuildPhase;
			buildActionMask = 2147483647;
			files = (
			);
			inputPaths = (
			);
			name = "📦 Check Pods Manifest.lock";
			outputPaths = (
			);
			runOnlyForDeploymentPostprocessing = 0;
			shellPath = /bin/sh;
			shellScript = "diff \"${PODS_ROOT}/../Podfile.lock\" \"${PODS_ROOT}/Manifest.lock\" > /dev/null\nif [[ $? != 0 ]] ; then\n    cat << EOM\nerror: The sandbox is not in sync with the Podfile.lock. Run 'pod install' or update your CocoaPods installation.\nEOM\n    exit 1\nfi\n";
			showEnvVarsInLog = 0;
		};
/* End PBXShellScriptBuildPhase section */

/* Begin PBXSourcesBuildPhase section */
		C99AF6B61CB6A6AF008DC7BA /* Sources */ = {
			isa = PBXSourcesBuildPhase;
			buildActionMask = 2147483647;
			files = (
				C99AF6C01CB6A6AF008DC7BA /* ViewController.swift in Sources */,
				C939EBFA1CC66F930099E20C /* ScrollImageView.swift in Sources */,
				C9E665941CBE9185002EF3AB /* ImageTableViewCell.swift in Sources */,
				C94247841CBD42E4008321F7 /* SnapTableViewCell.swift in Sources */,
				C99AF6BE1CB6A6AF008DC7BA /* AppDelegate.swift in Sources */,
				C9E665961CBE919A002EF3AB /* SmallImageTableViewCell.swift in Sources */,
				C9BF0E441CCBB0D00008955E /* TitleSegment.swift in Sources */,
			);
			runOnlyForDeploymentPostprocessing = 0;
		};
		C99AF6CA1CB6A6AF008DC7BA /* Sources */ = {
			isa = PBXSourcesBuildPhase;
			buildActionMask = 2147483647;
			files = (
				C99AF6D31CB6A6AF008DC7BA /* NewsDomo_SwiftTests.swift in Sources */,
			);
			runOnlyForDeploymentPostprocessing = 0;
		};
		C99AF6D51CB6A6AF008DC7BA /* Sources */ = {
			isa = PBXSourcesBuildPhase;
			buildActionMask = 2147483647;
			files = (
				C99AF6DE1CB6A6AF008DC7BA /* NewsDomo_SwiftUITests.swift in Sources */,
			);
			runOnlyForDeploymentPostprocessing = 0;
		};
/* End PBXSourcesBuildPhase section */

/* Begin PBXTargetDependency section */
		C99AF6D01CB6A6AF008DC7BA /* PBXTargetDependency */ = {
			isa = PBXTargetDependency;
			target = C99AF6B91CB6A6AF008DC7BA /* NewsDomo-Swift */;
			targetProxy = C99AF6CF1CB6A6AF008DC7BA /* PBXContainerItemProxy */;
		};
		C99AF6DB1CB6A6AF008DC7BA /* PBXTargetDependency */ = {
			isa = PBXTargetDependency;
			target = C99AF6B91CB6A6AF008DC7BA /* NewsDomo-Swift */;
			targetProxy = C99AF6DA1CB6A6AF008DC7BA /* PBXContainerItemProxy */;
		};
/* End PBXTargetDependency section */

/* Begin PBXVariantGroup section */
		C99AF6C11CB6A6AF008DC7BA /* Main.storyboard */ = {
			isa = PBXVariantGroup;
			children = (
				C99AF6C21CB6A6AF008DC7BA /* Base */,
			);
			name = Main.storyboard;
			sourceTree = "<group>";
		};
		C99AF6C61CB6A6AF008DC7BA /* LaunchScreen.storyboard */ = {
			isa = PBXVariantGroup;
			children = (
				C99AF6C71CB6A6AF008DC7BA /* Base */,
			);
			name = LaunchScreen.storyboard;
			sourceTree = "<group>";
		};
/* End PBXVariantGroup section */

/* Begin XCBuildConfiguration section */
		C99AF6E01CB6A6AF008DC7BA /* Debug */ = {
			isa = XCBuildConfiguration;
			buildSettings = {
				ALWAYS_SEARCH_USER_PATHS = NO;
				CLANG_ANALYZER_NONNULL = YES;
				CLANG_CXX_LANGUAGE_STANDARD = "gnu++0x";
				CLANG_CXX_LIBRARY = "libc++";
				CLANG_ENABLE_MODULES = YES;
				CLANG_ENABLE_OBJC_ARC = YES;
				CLANG_WARN_BOOL_CONVERSION = YES;
				CLANG_WARN_CONSTANT_CONVERSION = YES;
				CLANG_WARN_DIRECT_OBJC_ISA_USAGE = YES_ERROR;
				CLANG_WARN_EMPTY_BODY = YES;
				CLANG_WARN_ENUM_CONVERSION = YES;
				CLANG_WARN_INT_CONVERSION = YES;
				CLANG_WARN_OBJC_ROOT_CLASS = YES_ERROR;
				CLANG_WARN_UNREACHABLE_CODE = YES;
				CLANG_WARN__DUPLICATE_METHOD_MATCH = YES;
				"CODE_SIGN_IDENTITY[sdk=iphoneos*]" = "iPhone Developer";
				COPY_PHASE_STRIP = NO;
				DEBUG_INFORMATION_FORMAT = dwarf;
				ENABLE_STRICT_OBJC_MSGSEND = YES;
				ENABLE_TESTABILITY = YES;
				GCC_C_LANGUAGE_STANDARD = gnu99;
				GCC_DYNAMIC_NO_PIC = NO;
				GCC_NO_COMMON_BLOCKS = YES;
				GCC_OPTIMIZATION_LEVEL = 0;
				GCC_PREPROCESSOR_DEFINITIONS = (
					"DEBUG=1",
					"$(inherited)",
				);
				GCC_WARN_64_TO_32_BIT_CONVERSION = YES;
				GCC_WARN_ABOUT_RETURN_TYPE = YES_ERROR;
				GCC_WARN_UNDECLARED_SELECTOR = YES;
				GCC_WARN_UNINITIALIZED_AUTOS = YES_AGGRESSIVE;
				GCC_WARN_UNUSED_FUNCTION = YES;
				GCC_WARN_UNUSED_VARIABLE = YES;
				IPHONEOS_DEPLOYMENT_TARGET = 9.3;
				MTL_ENABLE_DEBUG_INFO = YES;
				ONLY_ACTIVE_ARCH = YES;
				SDKROOT = iphoneos;
				SWIFT_OPTIMIZATION_LEVEL = "-Onone";
			};
			name = Debug;
		};
		C99AF6E11CB6A6AF008DC7BA /* Release */ = {
			isa = XCBuildConfiguration;
			buildSettings = {
				ALWAYS_SEARCH_USER_PATHS = NO;
				CLANG_ANALYZER_NONNULL = YES;
				CLANG_CXX_LANGUAGE_STANDARD = "gnu++0x";
				CLANG_CXX_LIBRARY = "libc++";
				CLANG_ENABLE_MODULES = YES;
				CLANG_ENABLE_OBJC_ARC = YES;
				CLANG_WARN_BOOL_CONVERSION = YES;
				CLANG_WARN_CONSTANT_CONVERSION = YES;
				CLANG_WARN_DIRECT_OBJC_ISA_USAGE = YES_ERROR;
				CLANG_WARN_EMPTY_BODY = YES;
				CLANG_WARN_ENUM_CONVERSION = YES;
				CLANG_WARN_INT_CONVERSION = YES;
				CLANG_WARN_OBJC_ROOT_CLASS = YES_ERROR;
				CLANG_WARN_UNREACHABLE_CODE = YES;
				CLANG_WARN__DUPLICATE_METHOD_MATCH = YES;
				"CODE_SIGN_IDENTITY[sdk=iphoneos*]" = "iPhone Developer";
				COPY_PHASE_STRIP = NO;
				DEBUG_INFORMATION_FORMAT = "dwarf-with-dsym";
				ENABLE_NS_ASSERTIONS = NO;
				ENABLE_STRICT_OBJC_MSGSEND = YES;
				GCC_C_LANGUAGE_STANDARD = gnu99;
				GCC_NO_COMMON_BLOCKS = YES;
				GCC_WARN_64_TO_32_BIT_CONVERSION = YES;
				GCC_WARN_ABOUT_RETURN_TYPE = YES_ERROR;
				GCC_WARN_UNDECLARED_SELECTOR = YES;
				GCC_WARN_UNINITIALIZED_AUTOS = YES_AGGRESSIVE;
				GCC_WARN_UNUSED_FUNCTION = YES;
				GCC_WARN_UNUSED_VARIABLE = YES;
				IPHONEOS_DEPLOYMENT_TARGET = 9.3;
				MTL_ENABLE_DEBUG_INFO = NO;
				SDKROOT = iphoneos;
				VALIDATE_PRODUCT = YES;
			};
			name = Release;
		};
		C99AF6E31CB6A6AF008DC7BA /* Debug */ = {
			isa = XCBuildConfiguration;
			baseConfigurationReference = 8EFB8D6C0BE77EEF2254362F /* Pods-NewsDomo-Swift.debug.xcconfig */;
			buildSettings = {
				ASSETCATALOG_COMPILER_APPICON_NAME = AppIcon;
				INFOPLIST_FILE = "NewsDomo-Swift/Info.plist";
				LD_RUNPATH_SEARCH_PATHS = "$(inherited) @executable_path/Frameworks";
				PRODUCT_BUNDLE_IDENTIFIER = "com.wingzki.NewsDomo-Swift";
				PRODUCT_NAME = "$(TARGET_NAME)";
			};
			name = Debug;
		};
		C99AF6E41CB6A6AF008DC7BA /* Release */ = {
			isa = XCBuildConfiguration;
			baseConfigurationReference = 57C2AFF678C3BB1650B504C7 /* Pods-NewsDomo-Swift.release.xcconfig */;
			buildSettings = {
				ASSETCATALOG_COMPILER_APPICON_NAME = AppIcon;
				INFOPLIST_FILE = "NewsDomo-Swift/Info.plist";
				LD_RUNPATH_SEARCH_PATHS = "$(inherited) @executable_path/Frameworks";
				PRODUCT_BUNDLE_IDENTIFIER = "com.wingzki.NewsDomo-Swift";
				PRODUCT_NAME = "$(TARGET_NAME)";
			};
			name = Release;
		};
		C99AF6E61CB6A6AF008DC7BA /* Debug */ = {
			isa = XCBuildConfiguration;
			buildSettings = {
				BUNDLE_LOADER = "$(TEST_HOST)";
				INFOPLIST_FILE = "NewsDomo-SwiftTests/Info.plist";
				LD_RUNPATH_SEARCH_PATHS = "$(inherited) @executable_path/Frameworks @loader_path/Frameworks";
				PRODUCT_BUNDLE_IDENTIFIER = "com.wingzki.NewsDomo-SwiftTests";
				PRODUCT_NAME = "$(TARGET_NAME)";
				TEST_HOST = "$(BUILT_PRODUCTS_DIR)/NewsDomo-Swift.app/NewsDomo-Swift";
			};
			name = Debug;
		};
		C99AF6E71CB6A6AF008DC7BA /* Release */ = {
			isa = XCBuildConfiguration;
			buildSettings = {
				BUNDLE_LOADER = "$(TEST_HOST)";
				INFOPLIST_FILE = "NewsDomo-SwiftTests/Info.plist";
				LD_RUNPATH_SEARCH_PATHS = "$(inherited) @executable_path/Frameworks @loader_path/Frameworks";
				PRODUCT_BUNDLE_IDENTIFIER = "com.wingzki.NewsDomo-SwiftTests";
				PRODUCT_NAME = "$(TARGET_NAME)";
				TEST_HOST = "$(BUILT_PRODUCTS_DIR)/NewsDomo-Swift.app/NewsDomo-Swift";
			};
			name = Release;
		};
		C99AF6E91CB6A6AF008DC7BA /* Debug */ = {
			isa = XCBuildConfiguration;
			buildSettings = {
				INFOPLIST_FILE = "NewsDomo-SwiftUITests/Info.plist";
				LD_RUNPATH_SEARCH_PATHS = "$(inherited) @executable_path/Frameworks @loader_path/Frameworks";
				PRODUCT_BUNDLE_IDENTIFIER = "com.wingzki.NewsDomo-SwiftUITests";
				PRODUCT_NAME = "$(TARGET_NAME)";
				TEST_TARGET_NAME = "NewsDomo-Swift";
			};
			name = Debug;
		};
		C99AF6EA1CB6A6AF008DC7BA /* Release */ = {
			isa = XCBuildConfiguration;
			buildSettings = {
				INFOPLIST_FILE = "NewsDomo-SwiftUITests/Info.plist";
				LD_RUNPATH_SEARCH_PATHS = "$(inherited) @executable_path/Frameworks @loader_path/Frameworks";
				PRODUCT_BUNDLE_IDENTIFIER = "com.wingzki.NewsDomo-SwiftUITests";
				PRODUCT_NAME = "$(TARGET_NAME)";
				TEST_TARGET_NAME = "NewsDomo-Swift";
			};
			name = Release;
		};
/* End XCBuildConfiguration section */

/* Begin XCConfigurationList section */
		C99AF6B51CB6A6AF008DC7BA /* Build configuration list for PBXProject "NewsDomo-Swift" */ = {
			isa = XCConfigurationList;
			buildConfigurations = (
				C99AF6E01CB6A6AF008DC7BA /* Debug */,
				C99AF6E11CB6A6AF008DC7BA /* Release */,
			);
			defaultConfigurationIsVisible = 0;
			defaultConfigurationName = Release;
		};
		C99AF6E21CB6A6AF008DC7BA /* Build configuration list for PBXNativeTarget "NewsDomo-Swift" */ = {
			isa = XCConfigurationList;
			buildConfigurations = (
				C99AF6E31CB6A6AF008DC7BA /* Debug */,
				C99AF6E41CB6A6AF008DC7BA /* Release */,
			);
			defaultConfigurationIsVisible = 0;
			defaultConfigurationName = Release;
		};
		C99AF6E51CB6A6AF008DC7BA /* Build configuration list for PBXNativeTarget "NewsDomo-SwiftTests" */ = {
			isa = XCConfigurationList;
			buildConfigurations = (
				C99AF6E61CB6A6AF008DC7BA /* Debug */,
				C99AF6E71CB6A6AF008DC7BA /* Release */,
			);
			defaultConfigurationIsVisible = 0;
			defaultConfigurationName = Release;
		};
		C99AF6E81CB6A6AF008DC7BA /* Build configuration list for PBXNativeTarget "NewsDomo-SwiftUITests" */ = {
			isa = XCConfigurationList;
			buildConfigurations = (
				C99AF6E91CB6A6AF008DC7BA /* Debug */,
				C99AF6EA1CB6A6AF008DC7BA /* Release */,
			);
			defaultConfigurationIsVisible = 0;
			defaultConfigurationName = Release;
		};
/* End XCConfigurationList section */
	};
	rootObject = C99AF6B21CB6A6AF008DC7BA /* Project object */;
}
